
Microsoft Visual Studio Solution File, Format Version 11.00
# Visual Studio 2010
Project("{FAE04EC0-301F-11D3-BF4B-00C04F79EFBC}") = "AUT@Home2013v1.0", "AUT@Home2013v1.0\AUT@Home2013v1.0.csproj", "{AB52B8CF-EBBB-424B-BCBD-6A4C9AED6EE9}"
EndProject
Global
	GlobalSection(SolutionConfigurationPlatforms) = preSolution
		Debug|x86 = Debug|x86
		Release|x86 = Release|x86
	EndGlobalSection
	GlobalSection(ProjectConfigurationPlatforms) = postSolution
		{AB52B8CF-EBBB-424B-BCBD-6A4C9AED6EE9}.Debug|x86.ActiveCfg = Debug|x86
		{AB52B8CF-EBBB-424B-BCBD-6A4C9AED6EE9}.Debug|x86.Build.0 = Debug|x86
		{AB52B8CF-EBBB-424B-BCBD-6A4C9AED6EE9}.Release|x86.ActiveCfg = Release|x86
		{AB52B8CF-EBBB-424B-BCBD-6A4C9AED6EE9}.Release|x86.Build.0 = Release|x86
	EndGlobalSection
	GlobalSection(SolutionProperties) = preSolution
		HideSolutionNode = FALSE
	EndGlobalSection
EndGlobal
